<?xml version="1.0" encoding="UTF-8" standalone="yes" ?>
<CodeBlocks_project_file>
	<FileVersion major="1" minor="6" />
	<Project>
		<Option title="Club" />
		<Option pch_mode="2" />
		<Option compiler="gcc" />
		<Build>
			<Target title="Debug">
				<Option output="bin/Debug/Club" prefix_auto="1" extension_auto="1" />
				<Option object_output="obj/Debug/" />
				<Option type="1" />
				<Option compiler="gcc" />
				<Compiler>
					<Add option="-g" />
					<Add directory="include" />
				</Compiler>
			</Target>
			<Target title="Release">
				<Option output="bin/Release/Club" prefix_auto="1" extension_auto="1" />
				<Option object_output="obj/Release/" />
				<Option type="1" />
				<Option compiler="gcc" />
				<Compiler>
					<Add option="-O2" />
					<Add directory="include" />
				</Compiler>
				<Linker>
					<Add option="-s" />
				</Linker>
			</Target>
		</Build>
		<Compiler>
			<Add option="-Wall" />
			<Add option="-fexceptions" />
		</Compiler>
		<Unit filename="include/Archivos/ArchivoActividad.h" />
		<Unit filename="include/Archivos/ArchivoBase.h" />
		<Unit filename="include/Archivos/ArchivoInscripcion.h" />
		<Unit filename="include/Archivos/ArchivoSocio.h" />
		<Unit filename="include/Fecha.h" />
		<Unit filename="include/Managers/ActividadManager.h" />
		<Unit filename="include/Managers/InscripcionManager.h" />
		<Unit filename="include/Managers/SocioManager.h" />
		<Unit filename="include/Menus/MenuActividad.h" />
		<Unit filename="include/Menus/MenuBase.h" />
		<Unit filename="include/Menus/MenuInscripcion.h" />
		<Unit filename="include/Menus/MenuPrincipal.h" />
		<Unit filename="include/Menus/MenuSocios.h" />
		<Unit filename="include/Modelos/Actividad.h" />
		<Unit filename="include/Modelos/Inscripcion.h" />
		<Unit filename="include/Modelos/Socio.h" />
		<Unit filename="include/rlutil.h" />
		<Unit filename="main.cpp" />
		<Unit filename="src/Archivos/ArchivoActividad.cpp" />
		<Unit filename="src/Archivos/ArchivoBase.cpp" />
		<Unit filename="src/Archivos/ArchivoInscripcion.cpp" />
		<Unit filename="src/Archivos/ArchivoSocio.cpp" />
		<Unit filename="src/Managers/ActividadManager.cpp" />
		<Unit filename="src/Managers/InscripcionManager.cpp" />
		<Unit filename="src/Managers/SocioManager.cpp" />
		<Unit filename="src/Menus/MenuActividad.cpp" />
		<Unit filename="src/Menus/MenuBase.cpp" />
		<Unit filename="src/Menus/MenuInscripcion.cpp" />
		<Unit filename="src/Menus/MenuPrincipal.cpp" />
		<Unit filename="src/Menus/MenuSocios.cpp" />
		<Unit filename="src/Modelos/Actividad.cpp" />
		<Unit filename="src/Modelos/Fecha.cpp" />
		<Unit filename="src/Modelos/Socio.cpp" />
		<Extensions>
			<lib_finder disable_auto="1" />
		</Extensions>
	</Project>
</CodeBlocks_project_file>
